// !$*UTF8*$!
{
	archiveVersion = 1;
	classes = {
	};
	objectVersion = 77;
	objects = {

/* Begin PBXBuildFile section */
		C77AEC182FD06CD300D555A3 /* AstrophotoArchiveKit in Frameworks */ = {isa = PBXBuildFile; productRef = C77AEC172FD06CD300D555A3 /* AstrophotoArchiveKit */; };
		C77AEC1A2FD06CD300D555A3 /* AstrophotoKit in Frameworks */ = {isa = PBXBuildFile; productRef = C77AEC192FD06CD300D555A3 /* AstrophotoKit */; };
		C77AEC1C2FD06CD300D555A3 /* AstroKit in Frameworks */ = {isa = PBXBuildFile; productRef = C77AEC1B2FD06CD300D555A3 /* AstroKit */; };
		C77AEC1E2FD06CD300D555A3 /* VSOP in Frameworks */ = {isa = PBXBuildFile; productRef = C77AEC1D2FD06CD300D555A3 /* VSOP */; };
		C79ED7072FCCE3B20035ED86 /* MarkdownUI in Frameworks */ = {isa = PBXBuildFile; productRef = C79ED7062FCCE3B20035ED86 /* MarkdownUI */; };
/* End PBXBuildFile section */

/* Begin PBXContainerItemProxy section */
		C78BF8322FCC656B00C2CEFA /* PBXContainerItemProxy */ = {
			isa = PBXContainerItemProxy;
			containerPortal = C78BF81C2FCC656900C2CEFA /* Project object */;
			proxyType = 1;
			remoteGlobalIDString = C78BF8232FCC656900C2CEFA;
			remoteInfo = Navi;
		};
		C78BF83C2FCC656B00C2CEFA /* PBXContainerItemProxy */ = {
			isa = PBXContainerItemProxy;
			containerPortal = C78BF81C2FCC656900C2CEFA /* Project object */;
			proxyType = 1;
			remoteGlobalIDString = C78BF8232FCC656900C2CEFA;
			remoteInfo = Navi;
		};
/* End PBXContainerItemProxy section */

/* Begin PBXFileReference section */
		C78BF8242FCC656900C2CEFA /* Navi.app */ = {isa = PBXFileReference; explicitFileType = wrapper.application; includeInIndex = 0; path = Navi.app; sourceTree = BUILT_PRODUCTS_DIR; };
		C78BF8312FCC656B00C2CEFA /* NaviTests.xctest */ = {isa = PBXFileReference; explicitFileType = wrapper.cfbundle; includeInIndex = 0; path = NaviTests.xctest; sourceTree = BUILT_PRODUCTS_DIR; };
		C78BF83B2FCC656B00C2CEFA /* NaviUITests.xctest */ = {isa = PBXFileReference; explicitFileType = wrapper.cfbundle; includeInIndex = 0; path = NaviUITests.xctest; sourceTree = BUILT_PRODUCTS_DIR; };
/* End PBXFileReference section */

/* Begin PBXFileSystemSynchronizedRootGroup section */
		C78BF8262FCC656900C2CEFA /* Navi */ = {
			isa = PBXFileSystemSynchronizedRootGroup;
			path = Navi;
			sourceTree = "<group>";
		};
		C78BF8342FCC656B00C2CEFA /* NaviTests */ = {
			isa = PBXFileSystemSynchronizedRootGroup;
			path = NaviTests;
			sourceTree = "<group>";
		};
		C78BF83E2FCC656B00C2CEFA /* NaviUITests */ = {
			isa = PBXFileSystemSynchronizedRootGroup;
			path = NaviUITests;
			sourceTree = "<group>";
		};
/* End PBXFileSystemSynchronizedRootGroup section */

/* Begin PBXFrameworksBuildPhase section */
		C78BF8212FCC656900C2CEFA /* Frameworks */ = {
			isa = PBXFrameworksBuildPhase;
			buildActionMask = 2147483647;
			files = (
				C79ED7072FCCE3B20035ED86 /* MarkdownUI in Frameworks */,
				C77AEC1E2FD06CD300D555A3 /* VSOP in Frameworks */,
				C77AEC1C2FD06CD300D555A3 /* AstroKit in Frameworks */,
				C77AEC1A2FD06CD300D555A3 /* AstrophotoKit in Frameworks */,
				C77AEC182FD06CD300D555A3 /* AstrophotoArchiveKit in Frameworks */,
			);
			runOnlyForDeploymentPostprocessing = 0;
		};
		C78BF82E2FCC656B00C2CEFA /* Frameworks */ = {
			isa = PBXFrameworksBuildPhase;
			buildActionMask = 2147483647;
			files = (
			);
			runOnlyForDeploymentPostprocessing = 0;
		};
		C78BF8382FCC656B00C2CEFA /* Frameworks */ = {
			isa = PBXFrameworksBuildPhase;
			buildActionMask = 2147483647;
			files = (
			);
			runOnlyForDeploymentPostprocessing = 0;
		};
/* End PBXFrameworksBuildPhase section */

/* Begin PBXGroup section */
		C78BF81B2FCC656900C2CEFA = {
			isa = PBXGroup;
			children = (
				C78BF8262FCC656900C2CEFA /* Navi */,
				C78BF8342FCC656B00C2CEFA /* NaviTests */,
				C78BF83E2FCC656B00C2CEFA /* NaviUITests */,
				C79ED7052FCCE3B20035ED86 /* Frameworks */,
				C78BF8252FCC656900C2CEFA /* Products */,
			);
			sourceTree = "<group>";
		};
		C78BF8252FCC656900C2CEFA /* Products */ = {
			isa = PBXGroup;
			children = (
				C78BF8242FCC656900C2CEFA /* Navi.app */,
				C78BF8312FCC656B00C2CEFA /* NaviTests.xctest */,
				C78BF83B2FCC656B00C2CEFA /* NaviUITests.xctest */,
			);
			name = Products;
			sourceTree = "<group>";
		};
		C79ED7052FCCE3B20035ED86 /* Frameworks */ = {
			isa = PBXGroup;
			children = (
			);
			name = Frameworks;
			sourceTree = "<group>";
		};
/* End PBXGroup section */

/* Begin PBXNativeTarget section */
		C78BF8232FCC656900C2CEFA /* Navi */ = {
			isa = PBXNativeTarget;
			buildConfigurationList = C78BF8452FCC656B00C2CEFA /* Build configuration list for PBXNativeTarget "Navi" */;
			buildPhases = (
				C78BF8202FCC656900C2CEFA /* Sources */,
				C78BF8212FCC656900C2CEFA /* Frameworks */,
				C78BF8222FCC656900C2CEFA /* Resources */,
			);
			buildRules = (
			);
			dependencies = (
			);
			fileSystemSynchronizedGroups = (
				C78BF8262FCC656900C2CEFA /* Navi */,
			);
			name = Navi;
			packageProductDependencies = (
				C79ED7062FCCE3B20035ED86 /* MarkdownUI */,
				C77AEC172FD06CD300D555A3 /* AstrophotoArchiveKit */,
				C77AEC192FD06CD300D555A3 /* AstrophotoKit */,
				C77AEC1B2FD06CD300D555A3 /* AstroKit */,
				C77AEC1D2FD06CD300D555A3 /* VSOP */,
			);
			productName = Navi;
			productReference = C78BF8242FCC656900C2CEFA /* Navi.app */;
			productType = "com.apple.product-type.application";
		};
		C78BF8302FCC656B00C2CEFA /* NaviTests */ = {
			isa = PBXNativeTarget;
			buildConfigurationList = C78BF8482FCC656B00C2CEFA /* Build configuration list for PBXNativeTarget "NaviTests" */;
			buildPhases = (
				C78BF82D2FCC656B00C2CEFA /* Sources */,
				C78BF82E2FCC656B00C2CEFA /* Frameworks */,
				C78BF82F2FCC656B00C2CEFA /* Resources */,
			);
			buildRules = (
			);
			dependencies = (
				C78BF8332FCC656B00C2CEFA /* PBXTargetDependency */,
			);
			fileSystemSynchronizedGroups = (
				C78BF8342FCC656B00C2CEFA /* NaviTests */,
			);
			name = NaviTests;
			packageProductDependencies = (
			);
			productName = NaviTests;
			productReference = C78BF8312FCC656B00C2CEFA /* NaviTests.xctest */;
			productType = "com.apple.product-type.bundle.unit-test";
		};
		C78BF83A2FCC656B00C2CEFA /* NaviUITests */ = {
			isa = PBXNativeTarget;
			buildConfigurationList = C78BF84B2FCC656B00C2CEFA /* Build configuration list for PBXNativeTarget "NaviUITests" */;
			buildPhases = (
				C78BF8372FCC656B00C2CEFA /* Sources */,
				C78BF8382FCC656B00C2CEFA /* Frameworks */,
				C78BF8392FCC656B00C2CEFA /* Resources */,
			);
			buildRules = (
			);
			dependencies = (
				C78BF83D2FCC656B00C2CEFA /* PBXTargetDependency */,
			);
			fileSystemSynchronizedGroups = (
				C78BF83E2FCC656B00C2CEFA /* NaviUITests */,
			);
			name = NaviUITests;
			packageProductDependencies = (
			);
			productName = NaviUITests;
			productReference = C78BF83B2FCC656B00C2CEFA /* NaviUITests.xctest */;
			productType = "com.apple.product-type.bundle.ui-testing";
		};
/* End PBXNativeTarget section */

/* Begin PBXProject section */
		C78BF81C2FCC656900C2CEFA /* Project object */ = {
			isa = PBXProject;
			attributes = {
				BuildIndependentTargetsInParallel = 1;
				LastSwiftUpdateCheck = 2630;
				LastUpgradeCheck = 2630;
				TargetAttributes = {
					C78BF8232FCC656900C2CEFA = {
						CreatedOnToolsVersion = 26.3;
					};
					C78BF8302FCC656B00C2CEFA = {
						CreatedOnToolsVersion = 26.3;
						TestTargetID = C78BF8232FCC656900C2CEFA;
					};
					C78BF83A2FCC656B00C2CEFA = {
						CreatedOnToolsVersion = 26.3;
						TestTargetID = C78BF8232FCC656900C2CEFA;
					};
				};
			};
			buildConfigurationList = C78BF81F2FCC656900C2CEFA /* Build configuration list for PBXProject "Navi" */;
			developmentRegion = en;
			hasScannedForEncodings = 0;
			knownRegions = (
				en,
				Base,
			);
			mainGroup = C78BF81B2FCC656900C2CEFA;
			minimizedProjectReferenceProxies = 1;
			packageReferences = (
				C78BF8F42FCC8DF900C2CEFA /* XCLocalSwiftPackageReference "../AstrophotoKit" */,
				C78BF8F52FCC8E1A00C2CEFA /* XCLocalSwiftPackageReference "../AstroKit" */,
				C79ED7042FCCE31A0035ED86 /* XCRemoteSwiftPackageReference "swift-markdown-ui" */,
			);
			preferredProjectObjectVersion = 77;
			productRefGroup = C78BF8252FCC656900C2CEFA /* Products */;
			projectDirPath = "";
			projectRoot = "";
			targets = (
				C78BF8232FCC656900C2CEFA /* Navi */,
				C78BF8302FCC656B00C2CEFA /* NaviTests */,
				C78BF83A2FCC656B00C2CEFA /* NaviUITests */,
			);
		};
/* End PBXProject section */

/* Begin PBXResourcesBuildPhase section */
		C78BF8222FCC656900C2CEFA /* Resources */ = {
			isa = PBXResourcesBuildPhase;
			buildActionMask = 2147483647;
			files = (
			);
			runOnlyForDeploymentPostprocessing = 0;
		};
		C78BF82F2FCC656B00C2CEFA /* Resources */ = {
			isa = PBXResourcesBuildPhase;
			buildActionMask = 2147483647;
			files = (
			);
			runOnlyForDeploymentPostprocessing = 0;
		};
		C78BF8392FCC656B00C2CEFA /* Resources */ = {
			isa = PBXResourcesBuildPhase;
			buildActionMask = 2147483647;
			files = (
			);
			runOnlyForDeploymentPostprocessing = 0;
		};
/* End PBXResourcesBuildPhase section */

/* Begin PBXSourcesBuildPhase section */
		C78BF8202FCC656900C2CEFA /* Sources */ = {
			isa = PBXSourcesBuildPhase;
			buildActionMask = 2147483647;
			files = (
			);
			runOnlyForDeploymentPostprocessing = 0;
		};
		C78BF82D2FCC656B00C2CEFA /* Sources */ = {
			isa = PBXSourcesBuildPhase;
			buildActionMask = 2147483647;
			files = (
			);
			runOnlyForDeploymentPostprocessing = 0;
		};
		C78BF8372FCC656B00C2CEFA /* Sources */ = {
			isa = PBXSourcesBuildPhase;
			buildActionMask = 2147483647;
			files = (
			);
			runOnlyForDeploymentPostprocessing = 0;
		};
/* End PBXSourcesBuildPhase section */

/* Begin PBXTargetDependency section */
		C78BF8332FCC656B00C2CEFA /* PBXTargetDependency */ = {
			isa = PBXTargetDependency;
			target = C78BF8232FCC656900C2CEFA /* Navi */;
			targetProxy = C78BF8322FCC656B00C2CEFA /* PBXContainerItemProxy */;
		};
		C78BF83D2FCC656B00C2CEFA /* PBXTargetDependency */ = {
			isa = PBXTargetDependency;
			target = C78BF8232FCC656900C2CEFA /* Navi */;
			targetProxy = C78BF83C2FCC656B00C2CEFA /* PBXContainerItemProxy */;
		};
/* End PBXTargetDependency section */

/* Begin XCBuildConfiguration section */
		C78BF8432FCC656B00C2CEFA /* Debug */ = {
			isa = XCBuildConfiguration;
			buildSettings = {
				ALWAYS_SEARCH_USER_PATHS = NO;
				ASSETCATALOG_COMPILER_GENERATE_SWIFT_ASSET_SYMBOL_EXTENSIONS = YES;
				CLANG_ANALYZER_NONNULL = YES;
				CLANG_ANALYZER_NUMBER_OBJECT_CONVERSION = YES_AGGRESSIVE;
				CLANG_CXX_LANGUAGE_STANDARD = "gnu++20";
				CLANG_ENABLE_MODULES = YES;
				CLANG_ENABLE_OBJC_ARC = YES;
				CLANG_ENABLE_OBJC_WEAK = YES;
				CLANG_WARN_BLOCK_CAPTURE_AUTORELEASING = YES;
				CLANG_WARN_BOOL_CONVERSION = YES;
				CLANG_WARN_COMMA = YES;
				CLANG_WARN_CONSTANT_CONVERSION = YES;
				CLANG_WARN_DEPRECATED_OBJC_IMPLEMENTATIONS = YES;
				CLANG_WARN_DIRECT_OBJC_ISA_USAGE = YES_ERROR;
				CLANG_WARN_DOCUMENTATION_COMMENTS = YES;
				CLANG_WARN_EMPTY_BODY = YES;
				CLANG_WARN_ENUM_CONVERSION = YES;
				CLANG_WARN_INFINITE_RECURSION = YES;
				CLANG_WARN_INT_CONVERSION = YES;
				CLANG_WARN_NON_LITERAL_NULL_CONVERSION = YES;
				CLANG_WARN_OBJC_IMPLICIT_RETAIN_SELF = YES;
				CLANG_WARN_OBJC_LITERAL_CONVERSION = YES;
				CLANG_WARN_OBJC_ROOT_CLASS = YES_ERROR;
				CLANG_WARN_QUOTED_INCLUDE_IN_FRAMEWORK_HEADER = YES;
				CLANG_WARN_RANGE_LOOP_ANALYSIS = YES;
				CLANG_WARN_STRICT_PROTOTYPES = YES;
				CLANG_WARN_SUSPICIOUS_MOVE = YES;
				CLANG_WARN_UNGUARDED_AVAILABILITY = YES_AGGRESSIVE;
				CLANG_WARN_UNREACHABLE_CODE = YES;
				CLANG_WARN__DUPLICATE_METHOD_MATCH = YES;
				COPY_PHASE_STRIP = NO;
				DEBUG_INFORMATION_FORMAT = dwarf;
				DEVELOPMENT_TEAM = J2S9726G2L;
				ENABLE_STRICT_OBJC_MSGSEND = YES;
				ENABLE_TESTABILITY = YES;
				ENABLE_USER_SCRIPT_SANDBOXING = YES;
				GCC_C_LANGUAGE_STANDARD = gnu17;
				GCC_DYNAMIC_NO_PIC = NO;
				GCC_NO_COMMON_BLOCKS = YES;
				GCC_OPTIMIZATION_LEVEL = 0;
				GCC_PREPROCESSOR_DEFINITIONS = (
					"DEBUG=1",
					"$(inherited)",
				);
				GCC_WARN_64_TO_32_BIT_CONVERSION = YES;
				GCC_WARN_ABOUT_RETURN_TYPE = YES_ERROR;
				GCC_WARN_UNDECLARED_SELECTOR = YES;
				GCC_WARN_UNINITIALIZED_AUTOS = YES_AGGRESSIVE;
				GCC_WARN_UNUSED_FUNCTION = YES;
				GCC_WARN_UNUSED_VARIABLE = YES;
				LOCALIZATION_PREFERS_STRING_CATALOGS = YES;
				MACOSX_DEPLOYMENT_TARGET = 26.2;
				MTL_ENABLE_DEBUG_INFO = INCLUDE_SOURCE;
				MTL_FAST_MATH = YES;
				ONLY_ACTIVE_ARCH = YES;
				SDKROOT = macosx;
				SWIFT_ACTIVE_COMPILATION_CONDITIONS = "DEBUG $(inherited)";
				SWIFT_OPTIMIZATION_LEVEL = "-Onone";
			};
			name = Debug;
		};
		C78BF8442FCC656B00C2CEFA /* Release */ = {
			isa = XCBuildConfiguration;
			buildSettings = {
				ALWAYS_SEARCH_USER_PATHS = NO;
				ASSETCATALOG_COMPILER_GENERATE_SWIFT_ASSET_SYMBOL_EXTENSIONS = YES;
				CLANG_ANALYZER_NONNULL = YES;
				CLANG_ANALYZER_NUMBER_OBJECT_CONVERSION = YES_AGGRESSIVE;
				CLANG_CXX_LANGUAGE_STANDARD = "gnu++20";
				CLANG_ENABLE_MODULES = YES;
				CLANG_ENABLE_OBJC_ARC = YES;
				CLANG_ENABLE_OBJC_WEAK = YES;
				CLANG_WARN_BLOCK_CAPTURE_AUTORELEASING = YES;
				CLANG_WARN_BOOL_CONVERSION = YES;
				CLANG_WARN_COMMA = YES;
				CLANG_WARN_CONSTANT_CONVERSION = YES;
				CLANG_WARN_DEPRECATED_OBJC_IMPLEMENTATIONS = YES;
				CLANG_WARN_DIRECT_OBJC_ISA_USAGE = YES_ERROR;
				CLANG_WARN_DOCUMENTATION_COMMENTS = YES;
				CLANG_WARN_EMPTY_BODY = YES;
				CLANG_WARN_ENUM_CONVERSION = YES;
				CLANG_WARN_INFINITE_RECURSION = YES;
				CLANG_WARN_INT_CONVERSION = YES;
				CLANG_WARN_NON_LITERAL_NULL_CONVERSION = YES;
				CLANG_WARN_OBJC_IMPLICIT_RETAIN_SELF = YES;
				CLANG_WARN_OBJC_LITERAL_CONVERSION = YES;
				CLANG_WARN_OBJC_ROOT_CLASS = YES_ERROR;
				CLANG_WARN_QUOTED_INCLUDE_IN_FRAMEWORK_HEADER = YES;
				CLANG_WARN_RANGE_LOOP_ANALYSIS = YES;
				CLANG_WARN_STRICT_PROTOTYPES = YES;
				CLANG_WARN_SUSPICIOUS_MOVE = YES;
				CLANG_WARN_UNGUARDED_AVAILABILITY = YES_AGGRESSIVE;
				CLANG_WARN_UNREACHABLE_CODE = YES;
				CLANG_WARN__DUPLICATE_METHOD_MATCH = YES;
				COPY_PHASE_STRIP = NO;
				DEBUG_INFORMATION_FORMAT = "dwarf-with-dsym";
				DEVELOPMENT_TEAM = J2S9726G2L;
				ENABLE_NS_ASSERTIONS = NO;
				ENABLE_STRICT_OBJC_MSGSEND = YES;
				ENABLE_USER_SCRIPT_SANDBOXING = YES;
				GCC_C_LANGUAGE_STANDARD = gnu17;
				GCC_NO_COMMON_BLOCKS = YES;
				GCC_WARN_64_TO_32_BIT_CONVERSION = YES;
				GCC_WARN_ABOUT_RETURN_TYPE = YES_ERROR;
				GCC_WARN_UNDECLARED_SELECTOR = YES;
				GCC_WARN_UNINITIALIZED_AUTOS = YES_AGGRESSIVE;
				GCC_WARN_UNUSED_FUNCTION = YES;
				GCC_WARN_UNUSED_VARIABLE = YES;
				LOCALIZATION_PREFERS_STRING_CATALOGS = YES;
				MACOSX_DEPLOYMENT_TARGET = 26.2;
				MTL_ENABLE_DEBUG_INFO = NO;
				MTL_FAST_MATH = YES;
				SDKROOT = macosx;
				SWIFT_COMPILATION_MODE = wholemodule;
			};
			name = Release;
		};
		C78BF8462FCC656B00C2CEFA /* Debug */ = {
			isa = XCBuildConfiguration;
			buildSettings = {
				ASSETCATALOG_COMPILER_APPICON_NAME = AppIcon;
				ASSETCATALOG_COMPILER_GLOBAL_ACCENT_COLOR_NAME = AccentColor;
				CODE_SIGN_STYLE = Automatic;
				COMBINE_HIDPI_IMAGES = YES;
				CURRENT_PROJECT_VERSION = 1;
				DEVELOPMENT_TEAM = J2S9726G2L;
				ENABLE_APP_SANDBOX = NO;
				ENABLE_FILE_ACCESS_DOWNLOADS_FOLDER = readwrite;
				ENABLE_HARDENED_RUNTIME = NO;
				ENABLE_INCOMING_NETWORK_CONNECTIONS = YES;
				ENABLE_OUTGOING_NETWORK_CONNECTIONS = YES;
				ENABLE_PREVIEWS = YES;
				ENABLE_RESOURCE_ACCESS_AUDIO_INPUT = NO;
				ENABLE_RESOURCE_ACCESS_BLUETOOTH = NO;
				ENABLE_RESOURCE_ACCESS_CALENDARS = NO;
				ENABLE_RESOURCE_ACCESS_CAMERA = NO;
				ENABLE_RESOURCE_ACCESS_CONTACTS = NO;
				ENABLE_RESOURCE_ACCESS_LOCATION = NO;
				ENABLE_RESOURCE_ACCESS_PRINTING = NO;
				ENABLE_RESOURCE_ACCESS_USB = NO;
				ENABLE_USER_SELECTED_FILES = readwrite;
				GENERATE_INFOPLIST_FILE = YES;
				INFOPLIST_KEY_NSHumanReadableCopyright = "";
				LD_RUNPATH_SEARCH_PATHS = (
					"$(inherited)",
					"@executable_path/../Frameworks",
				);
				MARKETING_VERSION = 1.0;
				PRODUCT_BUNDLE_IDENTIFIER = org.oekalegon.Navi;
				PRODUCT_NAME = "$(TARGET_NAME)";
				REGISTER_APP_GROUPS = YES;
				STRING_CATALOG_GENERATE_SYMBOLS = YES;
				SWIFT_APPROACHABLE_CONCURRENCY = YES;
				SWIFT_DEFAULT_ACTOR_ISOLATION = MainActor;
				SWIFT_EMIT_LOC_STRINGS = YES;
				SWIFT_UPCOMING_FEATURE_MEMBER_IMPORT_VISIBILITY = YES;
				SWIFT_VERSION = 5.0;
			};
			name = Debug;
		};
		C78BF8472FCC656B00C2CEFA /* Release */ = {
			isa = XCBuildConfiguration;
			buildSettings = {
				ASSETCATALOG_COMPILER_APPICON_NAME = AppIcon;
				ASSETCATALOG_COMPILER_GLOBAL_ACCENT_COLOR_NAME = AccentColor;
				CODE_SIGN_ENTITLEMENTS = Navi/Navi.entitlements;
				CODE_SIGN_STYLE = Automatic;
				COMBINE_HIDPI_IMAGES = YES;
				CURRENT_PROJECT_VERSION = 1;
				DEVELOPMENT_TEAM = J2S9726G2L;
				ENABLE_APP_SANDBOX = NO;
				ENABLE_FILE_ACCESS_DOWNLOADS_FOLDER = readwrite;
				ENABLE_HARDENED_RUNTIME = YES;
				ENABLE_INCOMING_NETWORK_CONNECTIONS = YES;
				ENABLE_OUTGOING_NETWORK_CONNECTIONS = YES;
				ENABLE_PREVIEWS = YES;
				ENABLE_RESOURCE_ACCESS_AUDIO_INPUT = NO;
				ENABLE_RESOURCE_ACCESS_BLUETOOTH = NO;
				ENABLE_RESOURCE_ACCESS_CALENDARS = NO;
				ENABLE_RESOURCE_ACCESS_CAMERA = NO;
				ENABLE_RESOURCE_ACCESS_CONTACTS = NO;
				ENABLE_RESOURCE_ACCESS_LOCATION = NO;
				ENABLE_RESOURCE_ACCESS_PRINTING = NO;
				ENABLE_RESOURCE_ACCESS_USB = NO;
				ENABLE_USER_SELECTED_FILES = readwrite;
				GENERATE_INFOPLIST_FILE = YES;
				INFOPLIST_KEY_NSHumanReadableCopyright = "";
				LD_RUNPATH_SEARCH_PATHS = (
					"$(inherited)",
					"@executable_path/../Frameworks",
				);
				MARKETING_VERSION = 1.0;
				PRODUCT_BUNDLE_IDENTIFIER = org.oekalegon.Navi;
				PRODUCT_NAME = "$(TARGET_NAME)";
				REGISTER_APP_GROUPS = YES;
				STRING_CATALOG_GENERATE_SYMBOLS = YES;
				SWIFT_APPROACHABLE_CONCURRENCY = YES;
				SWIFT_DEFAULT_ACTOR_ISOLATION = MainActor;
				SWIFT_EMIT_LOC_STRINGS = YES;
				SWIFT_UPCOMING_FEATURE_MEMBER_IMPORT_VISIBILITY = YES;
				SWIFT_VERSION = 5.0;
			};
			name = Release;
		};
		C78BF8492FCC656B00C2CEFA /* Debug */ = {
			isa = XCBuildConfiguration;
			buildSettings = {
				BUNDLE_LOADER = "$(TEST_HOST)";
				CODE_SIGN_STYLE = Automatic;
				CURRENT_PROJECT_VERSION = 1;
				DEVELOPMENT_TEAM = J2S9726G2L;
				GENERATE_INFOPLIST_FILE = YES;
				MACOSX_DEPLOYMENT_TARGET = 26.2;
				MARKETING_VERSION = 1.0;
				PRODUCT_BUNDLE_IDENTIFIER = org.oekalegon.NaviTests;
				PRODUCT_NAME = "$(TARGET_NAME)";
				STRING_CATALOG_GENERATE_SYMBOLS = NO;
				SWIFT_APPROACHABLE_CONCURRENCY = YES;
				SWIFT_EMIT_LOC_STRINGS = NO;
				SWIFT_UPCOMING_FEATURE_MEMBER_IMPORT_VISIBILITY = YES;
				SWIFT_VERSION = 5.0;
				TEST_HOST = "$(BUILT_PRODUCTS_DIR)/Navi.app/$(BUNDLE_EXECUTABLE_FOLDER_PATH)/Navi";
			};
			name = Debug;
		};
		C78BF84A2FCC656B00C2CEFA /* Release */ = {
			isa = XCBuildConfiguration;
			buildSettings = {
				BUNDLE_LOADER = "$(TEST_HOST)";
				CODE_SIGN_STYLE = Automatic;
				CURRENT_PROJECT_VERSION = 1;
				DEVELOPMENT_TEAM = J2S9726G2L;
				GENERATE_INFOPLIST_FILE = YES;
				MACOSX_DEPLOYMENT_TARGET = 26.2;
				MARKETING_VERSION = 1.0;
				PRODUCT_BUNDLE_IDENTIFIER = org.oekalegon.NaviTests;
				PRODUCT_NAME = "$(TARGET_NAME)";
				STRING_CATALOG_GENERATE_SYMBOLS = NO;
				SWIFT_APPROACHABLE_CONCURRENCY = YES;
				SWIFT_EMIT_LOC_STRINGS = NO;
				SWIFT_UPCOMING_FEATURE_MEMBER_IMPORT_VISIBILITY = YES;
				SWIFT_VERSION = 5.0;
				TEST_HOST = "$(BUILT_PRODUCTS_DIR)/Navi.app/$(BUNDLE_EXECUTABLE_FOLDER_PATH)/Navi";
			};
			name = Release;
		};
		C78BF84C2FCC656B00C2CEFA /* Debug */ = {
			isa = XCBuildConfiguration;
			buildSettings = {
				CODE_SIGN_STYLE = Automatic;
				CURRENT_PROJECT_VERSION = 1;
				DEVELOPMENT_TEAM = J2S9726G2L;
				GENERATE_INFOPLIST_FILE = YES;
				MARKETING_VERSION = 1.0;
				PRODUCT_BUNDLE_IDENTIFIER = org.oekalegon.NaviUITests;
				PRODUCT_NAME = "$(TARGET_NAME)";
				STRING_CATALOG_GENERATE_SYMBOLS = NO;
				SWIFT_APPROACHABLE_CONCURRENCY = YES;
				SWIFT_EMIT_LOC_STRINGS = NO;
				SWIFT_UPCOMING_FEATURE_MEMBER_IMPORT_VISIBILITY = YES;
				SWIFT_VERSION = 5.0;
				TEST_TARGET_NAME = Navi;
			};
			name = Debug;
		};
		C78BF84D2FCC656B00C2CEFA /* Release */ = {
			isa = XCBuildConfiguration;
			buildSettings = {
				CODE_SIGN_STYLE = Automatic;
				CURRENT_PROJECT_VERSION = 1;
				DEVELOPMENT_TEAM = J2S9726G2L;
				GENERATE_INFOPLIST_FILE = YES;
				MARKETING_VERSION = 1.0;
				PRODUCT_BUNDLE_IDENTIFIER = org.oekalegon.NaviUITests;
				PRODUCT_NAME = "$(TARGET_NAME)";
				STRING_CATALOG_GENERATE_SYMBOLS = NO;
				SWIFT_APPROACHABLE_CONCURRENCY = YES;
				SWIFT_EMIT_LOC_STRINGS = NO;
				SWIFT_UPCOMING_FEATURE_MEMBER_IMPORT_VISIBILITY = YES;
				SWIFT_VERSION = 5.0;
				TEST_TARGET_NAME = Navi;
			};
			name = Release;
		};
/* End XCBuildConfiguration section */

/* Begin XCConfigurationList section */
		C78BF81F2FCC656900C2CEFA /* Build configuration list for PBXProject "Navi" */ = {
			isa = XCConfigurationList;
			buildConfigurations = (
				C78BF8432FCC656B00C2CEFA /* Debug */,
				C78BF8442FCC656B00C2CEFA /* Release */,
			);
			defaultConfigurationIsVisible = 0;
			defaultConfigurationName = Release;
		};
		C78BF8452FCC656B00C2CEFA /* Build configuration list for PBXNativeTarget "Navi" */ = {
			isa = XCConfigurationList;
			buildConfigurations = (
				C78BF8462FCC656B00C2CEFA /* Debug */,
				C78BF8472FCC656B00C2CEFA /* Release */,
			);
			defaultConfigurationIsVisible = 0;
			defaultConfigurationName = Release;
		};
		C78BF8482FCC656B00C2CEFA /* Build configuration list for PBXNativeTarget "NaviTests" */ = {
			isa = XCConfigurationList;
			buildConfigurations = (
				C78BF8492FCC656B00C2CEFA /* Debug */,
				C78BF84A2FCC656B00C2CEFA /* Release */,
			);
			defaultConfigurationIsVisible = 0;
			defaultConfigurationName = Release;
		};
		C78BF84B2FCC656B00C2CEFA /* Build configuration list for PBXNativeTarget "NaviUITests" */ = {
			isa = XCConfigurationList;
			buildConfigurations = (
				C78BF84C2FCC656B00C2CEFA /* Debug */,
				C78BF84D2FCC656B00C2CEFA /* Release */,
			);
			defaultConfigurationIsVisible = 0;
			defaultConfigurationName = Release;
		};
/* End XCConfigurationList section */

/* Begin XCLocalSwiftPackageReference section */
		C78BF8F42FCC8DF900C2CEFA /* XCLocalSwiftPackageReference "../AstrophotoKit" */ = {
			isa = XCLocalSwiftPackageReference;
			relativePath = ../AstrophotoKit;
		};
		C78BF8F52FCC8E1A00C2CEFA /* XCLocalSwiftPackageReference "../AstroKit" */ = {
			isa = XCLocalSwiftPackageReference;
			relativePath = ../AstroKit;
		};
/* End XCLocalSwiftPackageReference section */

/* Begin XCRemoteSwiftPackageReference section */
		C79ED7042FCCE31A0035ED86 /* XCRemoteSwiftPackageReference "swift-markdown-ui" */ = {
			isa = XCRemoteSwiftPackageReference;
			repositoryURL = "https://github.com/gonzalezreal/swift-markdown-ui";
			requirement = {
				kind = upToNextMajorVersion;
				minimumVersion = 2.4.1;
			};
		};
/* End XCRemoteSwiftPackageReference section */

/* Begin XCSwiftPackageProductDependency section */
		C77AEC172FD06CD300D555A3 /* AstrophotoArchiveKit */ = {
			isa = XCSwiftPackageProductDependency;
			package = C78BF8F42FCC8DF900C2CEFA /* XCLocalSwiftPackageReference "../AstrophotoKit" */;
			productName = AstrophotoArchiveKit;
		};
		C77AEC192FD06CD300D555A3 /* AstrophotoKit */ = {
			isa = XCSwiftPackageProductDependency;
			package = C78BF8F42FCC8DF900C2CEFA /* XCLocalSwiftPackageReference "../AstrophotoKit" */;
			productName = AstrophotoKit;
		};
		C77AEC1B2FD06CD300D555A3 /* AstroKit */ = {
			isa = XCSwiftPackageProductDependency;
			package = C78BF8F52FCC8E1A00C2CEFA /* XCLocalSwiftPackageReference "../AstroKit" */;
			productName = AstroKit;
		};
		C77AEC1D2FD06CD300D555A3 /* VSOP */ = {
			isa = XCSwiftPackageProductDependency;
			package = C78BF8F52FCC8E1A00C2CEFA /* XCLocalSwiftPackageReference "../AstroKit" */;
			productName = VSOP;
		};
		C79ED7062FCCE3B20035ED86 /* MarkdownUI */ = {
			isa = XCSwiftPackageProductDependency;
			package = C79ED7042FCCE31A0035ED86 /* XCRemoteSwiftPackageReference "swift-markdown-ui" */;
			productName = MarkdownUI;
		};
/* End XCSwiftPackageProductDependency section */
	};
	rootObject = C78BF81C2FCC656900C2CEFA /* Project object */;
}
